
Microsoft Visual Studio Solution File, Format Version 12.00
# Visual Studio Version 17
VisualStudioVersion = 17.3.32929.385
MinimumVisualStudioVersion = 10.0.40219.1
Project("{FAE04EC0-301F-11D3-BF4B-00C04F79EFBC}") = "TrabalhoFinal", "TrabalhoFinal.csproj", "{92B5AD12-E7C1-4735-86FA-F47683DEA680}"
EndProject
Global
	GlobalSection(SolutionConfigurationPlatforms) = preSolution
		Debug|Any CPU = Debug|Any CPU
		Release|Any CPU = Release|Any CPU
	EndGlobalSection
	GlobalSection(ProjectConfigurationPlatforms) = postSolution
		{92B5AD12-E7C1-4735-86FA-F47683DEA680}.Debug|Any CPU.ActiveCfg = Debug|Any CPU
		{92B5AD12-E7C1-4735-86FA-F47683DEA680}.Debug|Any CPU.Build.0 = Debug|Any CPU
		{92B5AD12-E7C1-4735-86FA-F47683DEA680}.Release|Any CPU.ActiveCfg = Release|Any CPU
		{92B5AD12-E7C1-4735-86FA-F47683DEA680}.Release|Any CPU.Build.0 = Release|Any CPU
	EndGlobalSection
	GlobalSection(SolutionProperties) = preSolution
		HideSolutionNode = FALSE
	EndGlobalSection
	GlobalSection(ExtensibilityGlobals) = postSolution
		SolutionGuid = {B77920BA-40EE-4FA0-9168-3D7A76AC14A9}
	EndGlobalSection
EndGlobal
